{
  "name": "rcp-node",
  "lockfileVersion": 2,
  "requires": true,
  "packages": {
    "": {
      "name": "rcp-node",
      "dependencies": {
        "real-cancellable-promise": "^1.0.0-alpha.5"
      }
    },
    "node_modules/real-cancellable-promise": {
      "version": "1.0.0-alpha.5",
      "resolved": "https://registry.npmjs.org/real-cancellable-promise/-/real-cancellable-promise-1.0.0-alpha.5.tgz",
      "integrity": "sha512-vbU21Vwt6O57ikgN+NbMRAEChR8LzzwdrQO77laBkQUM2lJnoB7mtnaE3u1sLGe9Si2y8DAbjQLVG9VR8rQqKA=="
    }
  },
  "dependencies": {
    "real-cancellable-promise": {
      "version": "1.0.0-alpha.5",
      "resolved": "https://registry.npmjs.org/real-cancellable-promise/-/real-cancellable-promise-1.0.0-alpha.5.tgz",
      "integrity": "sha512-vbU21Vwt6O57ikgN+NbMRAEChR8LzzwdrQO77laBkQUM2lJnoB7mtnaE3u1sLGe9Si2y8DAbjQLVG9VR8rQqKA=="
    }
  }
}
