# This file is generated by running "yarn install" inside your project.
# Manual changes might be lost - proceed with caution!

__metadata:
  version: 6
  cacheKey: 8

"rcp-node@workspace:.":
  version: 0.0.0-use.local
  resolution: "rcp-node@workspace:."
  dependencies:
    real-cancellable-promise: ^1.1.0-alpha.2
  languageName: unknown
  linkType: soft

"real-cancellable-promise@npm:^1.1.0-alpha.2":
  version: 1.1.2
  resolution: "real-cancellable-promise@npm:1.1.2"
  checksum: 524edcad62a76ae062452a80c6854579a55f9a769a96a6ac31d5e316c32f9700aba05e142f4b2fedf546c39c9756090047016d527d9fc20e082ebfbfc1952d84
  languageName: node
  linkType: hard
