# This file is generated by running "yarn install" inside your project.
# Manual changes might be lost - proceed with caution!

__metadata:
  version: 4
  cacheKey: 8

"rcp-node@workspace:.":
  version: 0.0.0-use.local
  resolution: "rcp-node@workspace:."
  dependencies:
    real-cancellable-promise: ^1.1.0-alpha.2
  languageName: unknown
  linkType: soft

"real-cancellable-promise@npm:^1.1.0-alpha.2":
  version: 1.1.0-alpha.2
  resolution: "real-cancellable-promise@npm:1.1.0-alpha.2"
  checksum: 8c6982fb84c7b4f9256e9f0548537b9fc3f2221484cc64e9745bc5610c9df1e354d9483359877a5059e8e036547c27abc5b70320c46865eee6e54f8df27edea9
  languageName: node
  linkType: hard
