# This file is generated by running "yarn install" inside your project.
# Manual changes might be lost - proceed with caution!

__metadata:
  version: 4
  cacheKey: 8

"rcp-node@workspace:.":
  version: 0.0.0-use.local
  resolution: "rcp-node@workspace:."
  dependencies:
    real-cancellable-promise: ^1.0.0-alpha.5
  languageName: unknown
  linkType: soft

"real-cancellable-promise@npm:^1.0.0-alpha.5":
  version: 1.0.0-alpha.5
  resolution: "real-cancellable-promise@npm:1.0.0-alpha.5"
  checksum: 3d641ddc7504157ca3e7ff61b464c9c6952e171c78686be3d117c523df4cc9dbd18a583d5a66b3fec91ef09971b68355c585fcb6a728251c20b79f18cc374306
  languageName: node
  linkType: hard
