# This file is generated by running "yarn install" inside your project.
# Manual changes might be lost - proceed with caution!

__metadata:
  version: 4
  cacheKey: 8

"rcp-node@workspace:.":
  version: 0.0.0-use.local
  resolution: "rcp-node@workspace:."
  dependencies:
    real-cancellable-promise: ^1.0.0-alpha.4
  languageName: unknown
  linkType: soft

"real-cancellable-promise@npm:^1.0.0-alpha.4":
  version: 1.0.0-alpha.4
  resolution: "real-cancellable-promise@npm:1.0.0-alpha.4"
  checksum: 954baced15ef33082391c004c89e561541fa62d32491287ee26f46c0b6c6eb68497b97ed1f368e6b48d43fb639b6af3596d287f8f21c18c557471c725f1b0ef9
  languageName: node
  linkType: hard
