# This file is generated by running "yarn install" inside your project.
# Manual changes might be lost - proceed with caution!

__metadata:
  version: 4
  cacheKey: 8

"rcp-node@workspace:.":
  version: 0.0.0-use.local
  resolution: "rcp-node@workspace:."
  dependencies:
    real-cancellable-promise: ^1.0.0-alpha.2
  languageName: unknown
  linkType: soft

"real-cancellable-promise@npm:^1.0.0-alpha.2":
  version: 1.0.0-alpha.2
  resolution: "real-cancellable-promise@npm:1.0.0-alpha.2"
  checksum: 064065f0888f7e5e20cc30425fcf6ab7387777e93976cf09205a730926bed67267c0952d887ac82088529815274e9f72a13204b6080231c5282d627112375a14
  languageName: node
  linkType: hard
